
Microsoft Visual Studio Solution File, Format Version 12.00
# Visual Studio 2012
Project("{8BC9CEB8-8B4A-11D0-8D11-00A0C91BC942}") = "The3rdTrial", "The3rdTrial\The3rdTrial.vcxproj", "{DE99AE81-7E60-438B-A997-F211F5E5DBD0}"
EndProject
Global
	GlobalSection(SolutionConfigurationPlatforms) = preSolution
		Debug|Win32 = Debug|Win32
		Release|Win32 = Release|Win32
	EndGlobalSection
	GlobalSection(ProjectConfigurationPlatforms) = postSolution
		{DE99AE81-7E60-438B-A997-F211F5E5DBD0}.Debug|Win32.ActiveCfg = Debug|Win32
		{DE99AE81-7E60-438B-A997-F211F5E5DBD0}.Debug|Win32.Build.0 = Debug|Win32
		{DE99AE81-7E60-438B-A997-F211F5E5DBD0}.Release|Win32.ActiveCfg = Release|Win32
		{DE99AE81-7E60-438B-A997-F211F5E5DBD0}.Release|Win32.Build.0 = Release|Win32
	EndGlobalSection
	GlobalSection(SolutionProperties) = preSolution
		HideSolutionNode = FALSE
	EndGlobalSection
EndGlobal
